
Microsoft Visual Studio Solution File, Format Version 12.00
# Visual Studio 2013
VisualStudioVersion = 12.0.31101.0
MinimumVisualStudioVersion = 10.0.40219.1
Project("{FAE04EC0-301F-11D3-BF4B-00C04F79EFBC}") = "MathExpressionParser", "MathExpressionParser\MathExpressionParser.csproj", "{B67FE8E9-38B4-4AE1-8643-FF818F4009EB}"
EndProject
Project("{FAE04EC0-301F-11D3-BF4B-00C04F79EFBC}") = "Test", "Test\Test.csproj", "{486EEEBF-00FF-496D-AA76-CE9AE94B9204}"
EndProject
Global
	GlobalSection(SolutionConfigurationPlatforms) = preSolution
		Debug|Any CPU = Debug|Any CPU
		Release|Any CPU = Release|Any CPU
	EndGlobalSection
	GlobalSection(ProjectConfigurationPlatforms) = postSolution
		{B67FE8E9-38B4-4AE1-8643-FF818F4009EB}.Debug|Any CPU.ActiveCfg = Debug|Any CPU
		{B67FE8E9-38B4-4AE1-8643-FF818F4009EB}.Debug|Any CPU.Build.0 = Debug|Any CPU
		{B67FE8E9-38B4-4AE1-8643-FF818F4009EB}.Release|Any CPU.ActiveCfg = Release|Any CPU
		{B67FE8E9-38B4-4AE1-8643-FF818F4009EB}.Release|Any CPU.Build.0 = Release|Any CPU
		{486EEEBF-00FF-496D-AA76-CE9AE94B9204}.Debug|Any CPU.ActiveCfg = Debug|Any CPU
		{486EEEBF-00FF-496D-AA76-CE9AE94B9204}.Debug|Any CPU.Build.0 = Debug|Any CPU
		{486EEEBF-00FF-496D-AA76-CE9AE94B9204}.Release|Any CPU.ActiveCfg = Release|Any CPU
		{486EEEBF-00FF-496D-AA76-CE9AE94B9204}.Release|Any CPU.Build.0 = Release|Any CPU
	EndGlobalSection
	GlobalSection(SolutionProperties) = preSolution
		HideSolutionNode = FALSE
	EndGlobalSection
EndGlobal
